[[package]]
name = "pdm-pep517"
version = "0.12.7"
requires_python = ">=3.7"
summary = "A PEP 517 backend for PDM that supports PEP 621 metadata"

[[package]]
name = "pypiserver"
version = "1.5.0"
requires_python = ">=3.6"
summary = "A minimal PyPI server for use with pip/easy_install."

[[package]]
name = "tomli"
version = "2.0.1"
requires_python = ">=3.7"
summary = "A lil' TOML parser"

[metadata]
lock_version = "3.1"
content_hash = "sha256:419fd579dcd047ea37a90809cc78ee8c7fce4414365d11d0aa97d652eca158f7"

[metadata.files]
"pdm-pep517 0.12.7" = [
    {file = "pdm_pep517-0.12.7-py3-none-any.whl", hash = "sha256:d01ac717a44863844ba3361fcfcd5acefd67f63ee8a4f5a549f0febe12d46cb5"},
    {file = "pdm-pep517-0.12.7.tar.gz", hash = "sha256:6a4ed513edbcfd518e3b07e9118575d3fb35cc04551dd8acf3531e2463ef7fe3"},
]
"pypiserver 1.5.0" = [
    {file = "pypiserver-1.5.0-py2.py3-none-any.whl", hash = "sha256:dc689cf5a7b2b3ea941766bbf48b7d85ad01e9babcf90e40897b6aae2ad9f98e"},
    {file = "pypiserver-1.5.0.zip", hash = "sha256:fe2cbf08dfb8435767e9e8e2ea9aebf78f9382204c76d40f3bc79b45bb24f6eb"},
]
"tomli 2.0.1" = [
    {file = "tomli-2.0.1-py3-none-any.whl", hash = "sha256:939de3e7a6161af0c887ef91b7d41a53e7c5a1ca976325f429cb46ea9bc30ecc"},
    {file = "tomli-2.0.1.tar.gz", hash = "sha256:de526c12914f0c550d15924c62d72abc48d6fe7364aa87328337a31007fe8a4f"},
]
